// !$*UTF8*$!
{
	archiveVersion = 1;
	classes = {
	};
	objectVersion = 77;
	objects = {

/* Begin PBXBuildFile section */
		BF8C3CED2E359A0800E33DA0 /* Ollama in Frameworks */ = {isa = PBXBuildFile; productRef = BF8C3CEC2E359A0800E33DA0 /* Ollama */; };
/* End PBXBuildFile section */

/* Begin PBXContainerItemProxy section */
		BF7A7D1D2CFD2444008843D0 /* PBXContainerItemProxy */ = {
			isa = PBXContainerItemProxy;
			containerPortal = BF7A7D042CFD2442008843D0 /* Project object */;
			proxyType = 1;
			remoteGlobalIDString = BF7A7D0B2CFD2442008843D0;
			remoteInfo = MoodMosaic;
		};
		BF7A7D272CFD2444008843D0 /* PBXContainerItemProxy */ = {
			isa = PBXContainerItemProxy;
			containerPortal = BF7A7D042CFD2442008843D0 /* Project object */;
			proxyType = 1;
			remoteGlobalIDString = BF7A7D0B2CFD2442008843D0;
			remoteInfo = MoodMosaic;
		};
/* End PBXContainerItemProxy section */

/* Begin PBXFileReference section */
		BF7A7D0C2CFD2442008843D0 /* MoodMosaic.app */ = {isa = PBXFileReference; explicitFileType = wrapper.application; includeInIndex = 0; path = MoodMosaic.app; sourceTree = BUILT_PRODUCTS_DIR; };
		BF7A7D1C2CFD2444008843D0 /* MoodMosaicTests.xctest */ = {isa = PBXFileReference; explicitFileType = wrapper.cfbundle; includeInIndex = 0; path = MoodMosaicTests.xctest; sourceTree = BUILT_PRODUCTS_DIR; };
		BF7A7D262CFD2444008843D0 /* MoodMosaicUITests.xctest */ = {isa = PBXFileReference; explicitFileType = wrapper.cfbundle; includeInIndex = 0; path = MoodMosaicUITests.xctest; sourceTree = BUILT_PRODUCTS_DIR; };
/* End PBXFileReference section */

/* Begin PBXFileSystemSynchronizedBuildFileExceptionSet section */
		BFC4D9422DC31B77002DF2F6 /* Exceptions for "MoodMosaic" folder in "MoodMosaic" target */ = {
			isa = PBXFileSystemSynchronizedBuildFileExceptionSet;
			membershipExceptions = (
				Info.plist,
			);
			target = BF7A7D0B2CFD2442008843D0 /* MoodMosaic */;
		};
/* End PBXFileSystemSynchronizedBuildFileExceptionSet section */

/* Begin PBXFileSystemSynchronizedRootGroup section */
		BF7A7D0E2CFD2442008843D0 /* MoodMosaic */ = {
			isa = PBXFileSystemSynchronizedRootGroup;
			exceptions = (
				BFC4D9422DC31B77002DF2F6 /* Exceptions for "MoodMosaic" folder in "MoodMosaic" target */,
			);
			path = MoodMosaic;
			sourceTree = "<group>";
		};
		BF7A7D1F2CFD2444008843D0 /* MoodMosaicTests */ = {
			isa = PBXFileSystemSynchronizedRootGroup;
			path = MoodMosaicTests;
			sourceTree = "<group>";
		};
		BF7A7D292CFD2444008843D0 /* MoodMosaicUITests */ = {
			isa = PBXFileSystemSynchronizedRootGroup;
			path = MoodMosaicUITests;
			sourceTree = "<group>";
		};
/* End PBXFileSystemSynchronizedRootGroup section */

/* Begin PBXFrameworksBuildPhase section */
		BF7A7D092CFD2442008843D0 /* Frameworks */ = {
			isa = PBXFrameworksBuildPhase;
			buildActionMask = 2147483647;
			files = (
				BF8C3CED2E359A0800E33DA0 /* Ollama in Frameworks */,
			);
			runOnlyForDeploymentPostprocessing = 0;
		};
		BF7A7D192CFD2444008843D0 /* Frameworks */ = {
			isa = PBXFrameworksBuildPhase;
			buildActionMask = 2147483647;
			files = (
			);
			runOnlyForDeploymentPostprocessing = 0;
		};
		BF7A7D232CFD2444008843D0 /* Frameworks */ = {
			isa = PBXFrameworksBuildPhase;
			buildActionMask = 2147483647;
			files = (
			);
			runOnlyForDeploymentPostprocessing = 0;
		};
/* End PBXFrameworksBuildPhase section */

/* Begin PBXGroup section */
		BF7A7D032CFD2442008843D0 = {
			isa = PBXGroup;
			children = (
				BF7A7D0E2CFD2442008843D0 /* MoodMosaic */,
				BF7A7D1F2CFD2444008843D0 /* MoodMosaicTests */,
				BF7A7D292CFD2444008843D0 /* MoodMosaicUITests */,
				BF7A7D0D2CFD2442008843D0 /* Products */,
			);
			sourceTree = "<group>";
		};
		BF7A7D0D2CFD2442008843D0 /* Products */ = {
			isa = PBXGroup;
			children = (
				BF7A7D0C2CFD2442008843D0 /* MoodMosaic.app */,
				BF7A7D1C2CFD2444008843D0 /* MoodMosaicTests.xctest */,
				BF7A7D262CFD2444008843D0 /* MoodMosaicUITests.xctest */,
			);
			name = Products;
			sourceTree = "<group>";
		};
/* End PBXGroup section */

/* Begin PBXNativeTarget section */
		BF7A7D0B2CFD2442008843D0 /* MoodMosaic */ = {
			isa = PBXNativeTarget;
			buildConfigurationList = BF7A7D302CFD2444008843D0 /* Build configuration list for PBXNativeTarget "MoodMosaic" */;
			buildPhases = (
				BF7A7D082CFD2442008843D0 /* Sources */,
				BF7A7D092CFD2442008843D0 /* Frameworks */,
				BF7A7D0A2CFD2442008843D0 /* Resources */,
			);
			buildRules = (
			);
			dependencies = (
			);
			fileSystemSynchronizedGroups = (
				BF7A7D0E2CFD2442008843D0 /* MoodMosaic */,
			);
			name = MoodMosaic;
			packageProductDependencies = (
				BF8C3CEC2E359A0800E33DA0 /* Ollama */,
			);
			productName = MoodMosaic;
			productReference = BF7A7D0C2CFD2442008843D0 /* MoodMosaic.app */;
			productType = "com.apple.product-type.application";
		};
		BF7A7D1B2CFD2444008843D0 /* MoodMosaicTests */ = {
			isa = PBXNativeTarget;
			buildConfigurationList = BF7A7D332CFD2444008843D0 /* Build configuration list for PBXNativeTarget "MoodMosaicTests" */;
			buildPhases = (
				BF7A7D182CFD2444008843D0 /* Sources */,
				BF7A7D192CFD2444008843D0 /* Frameworks */,
				BF7A7D1A2CFD2444008843D0 /* Resources */,
			);
			buildRules = (
			);
			dependencies = (
				BF7A7D1E2CFD2444008843D0 /* PBXTargetDependency */,
			);
			fileSystemSynchronizedGroups = (
				BF7A7D1F2CFD2444008843D0 /* MoodMosaicTests */,
			);
			name = MoodMosaicTests;
			packageProductDependencies = (
			);
			productName = MoodMosaicTests;
			productReference = BF7A7D1C2CFD2444008843D0 /* MoodMosaicTests.xctest */;
			productType = "com.apple.product-type.bundle.unit-test";
		};
		BF7A7D252CFD2444008843D0 /* MoodMosaicUITests */ = {
			isa = PBXNativeTarget;
			buildConfigurationList = BF7A7D362CFD2444008843D0 /* Build configuration list for PBXNativeTarget "MoodMosaicUITests" */;
			buildPhases = (
				BF7A7D222CFD2444008843D0 /* Sources */,
				BF7A7D232CFD2444008843D0 /* Frameworks */,
				BF7A7D242CFD2444008843D0 /* Resources */,
			);
			buildRules = (
			);
			dependencies = (
				BF7A7D282CFD2444008843D0 /* PBXTargetDependency */,
			);
			fileSystemSynchronizedGroups = (
				BF7A7D292CFD2444008843D0 /* MoodMosaicUITests */,
			);
			name = MoodMosaicUITests;
			packageProductDependencies = (
			);
			productName = MoodMosaicUITests;
			productReference = BF7A7D262CFD2444008843D0 /* MoodMosaicUITests.xctest */;
			productType = "com.apple.product-type.bundle.ui-testing";
		};
/* End PBXNativeTarget section */

/* Begin PBXProject section */
		BF7A7D042CFD2442008843D0 /* Project object */ = {
			isa = PBXProject;
			attributes = {
				BuildIndependentTargetsInParallel = 1;
				LastSwiftUpdateCheck = 1610;
				LastUpgradeCheck = 1610;
				TargetAttributes = {
					BF7A7D0B2CFD2442008843D0 = {
						CreatedOnToolsVersion = 16.1;
					};
					BF7A7D1B2CFD2444008843D0 = {
						CreatedOnToolsVersion = 16.1;
						TestTargetID = BF7A7D0B2CFD2442008843D0;
					};
					BF7A7D252CFD2444008843D0 = {
						CreatedOnToolsVersion = 16.1;
						TestTargetID = BF7A7D0B2CFD2442008843D0;
					};
				};
			};
			buildConfigurationList = BF7A7D072CFD2442008843D0 /* Build configuration list for PBXProject "MoodMosaic" */;
			developmentRegion = en;
			hasScannedForEncodings = 0;
			knownRegions = (
				en,
				Base,
			);
			mainGroup = BF7A7D032CFD2442008843D0;
			minimizedProjectReferenceProxies = 1;
			packageReferences = (
				BF8C3CEB2E359A0800E33DA0 /* XCRemoteSwiftPackageReference "ollama-swift" */,
			);
			preferredProjectObjectVersion = 77;
			productRefGroup = BF7A7D0D2CFD2442008843D0 /* Products */;
			projectDirPath = "";
			projectRoot = "";
			targets = (
				BF7A7D0B2CFD2442008843D0 /* MoodMosaic */,
				BF7A7D1B2CFD2444008843D0 /* MoodMosaicTests */,
				BF7A7D252CFD2444008843D0 /* MoodMosaicUITests */,
			);
		};
/* End PBXProject section */

/* Begin PBXResourcesBuildPhase section */
		BF7A7D0A2CFD2442008843D0 /* Resources */ = {
			isa = PBXResourcesBuildPhase;
			buildActionMask = 2147483647;
			files = (
			);
			runOnlyForDeploymentPostprocessing = 0;
		};
		BF7A7D1A2CFD2444008843D0 /* Resources */ = {
			isa = PBXResourcesBuildPhase;
			buildActionMask = 2147483647;
			files = (
			);
			runOnlyForDeploymentPostprocessing = 0;
		};
		BF7A7D242CFD2444008843D0 /* Resources */ = {
			isa = PBXResourcesBuildPhase;
			buildActionMask = 2147483647;
			files = (
			);
			runOnlyForDeploymentPostprocessing = 0;
		};
/* End PBXResourcesBuildPhase section */

/* Begin PBXSourcesBuildPhase section */
		BF7A7D082CFD2442008843D0 /* Sources */ = {
			isa = PBXSourcesBuildPhase;
			buildActionMask = 2147483647;
			files = (
			);
			runOnlyForDeploymentPostprocessing = 0;
		};
		BF7A7D182CFD2444008843D0 /* Sources */ = {
			isa = PBXSourcesBuildPhase;
			buildActionMask = 2147483647;
			files = (
			);
			runOnlyForDeploymentPostprocessing = 0;
		};
		BF7A7D222CFD2444008843D0 /* Sources */ = {
			isa = PBXSourcesBuildPhase;
			buildActionMask = 2147483647;
			files = (
			);
			runOnlyForDeploymentPostprocessing = 0;
		};
/* End PBXSourcesBuildPhase section */

/* Begin PBXTargetDependency section */
		BF7A7D1E2CFD2444008843D0 /* PBXTargetDependency */ = {
			isa = PBXTargetDependency;
			target = BF7A7D0B2CFD2442008843D0 /* MoodMosaic */;
			targetProxy = BF7A7D1D2CFD2444008843D0 /* PBXContainerItemProxy */;
		};
		BF7A7D282CFD2444008843D0 /* PBXTargetDependency */ = {
			isa = PBXTargetDependency;
			target = BF7A7D0B2CFD2442008843D0 /* MoodMosaic */;
			targetProxy = BF7A7D272CFD2444008843D0 /* PBXContainerItemProxy */;
		};
/* End PBXTargetDependency section */

/* Begin XCBuildConfiguration section */
		BF7A7D2E2CFD2444008843D0 /* Debug */ = {
			isa = XCBuildConfiguration;
			buildSettings = {
				ALWAYS_SEARCH_USER_PATHS = NO;
				ASSETCATALOG_COMPILER_GENERATE_SWIFT_ASSET_SYMBOL_EXTENSIONS = YES;
				CLANG_ANALYZER_NONNULL = YES;
				CLANG_ANALYZER_NUMBER_OBJECT_CONVERSION = YES_AGGRESSIVE;
				CLANG_CXX_LANGUAGE_STANDARD = "gnu++20";
				CLANG_ENABLE_MODULES = YES;
				CLANG_ENABLE_OBJC_ARC = YES;
				CLANG_ENABLE_OBJC_WEAK = YES;
				CLANG_WARN_BLOCK_CAPTURE_AUTORELEASING = YES;
				CLANG_WARN_BOOL_CONVERSION = YES;
				CLANG_WARN_COMMA = YES;
				CLANG_WARN_CONSTANT_CONVERSION = YES;
				CLANG_WARN_DEPRECATED_OBJC_IMPLEMENTATIONS = YES;
				CLANG_WARN_DIRECT_OBJC_ISA_USAGE = YES_ERROR;
				CLANG_WARN_DOCUMENTATION_COMMENTS = YES;
				CLANG_WARN_EMPTY_BODY = YES;
				CLANG_WARN_ENUM_CONVERSION = YES;
				CLANG_WARN_INFINITE_RECURSION = YES;
				CLANG_WARN_INT_CONVERSION = YES;
				CLANG_WARN_NON_LITERAL_NULL_CONVERSION = YES;
				CLANG_WARN_OBJC_IMPLICIT_RETAIN_SELF = YES;
				CLANG_WARN_OBJC_LITERAL_CONVERSION = YES;
				CLANG_WARN_OBJC_ROOT_CLASS = YES_ERROR;
				CLANG_WARN_QUOTED_INCLUDE_IN_FRAMEWORK_HEADER = YES;
				CLANG_WARN_RANGE_LOOP_ANALYSIS = YES;
				CLANG_WARN_STRICT_PROTOTYPES = YES;
				CLANG_WARN_SUSPICIOUS_MOVE = YES;
				CLANG_WARN_UNGUARDED_AVAILABILITY = YES_AGGRESSIVE;
				CLANG_WARN_UNREACHABLE_CODE = YES;
				CLANG_WARN__DUPLICATE_METHOD_MATCH = YES;
				COPY_PHASE_STRIP = NO;
				DEBUG_INFORMATION_FORMAT = dwarf;
				ENABLE_STRICT_OBJC_MSGSEND = YES;
				ENABLE_TESTABILITY = YES;
				ENABLE_USER_SCRIPT_SANDBOXING = YES;
				GCC_C_LANGUAGE_STANDARD = gnu17;
				GCC_DYNAMIC_NO_PIC = NO;
				GCC_NO_COMMON_BLOCKS = YES;
				GCC_OPTIMIZATION_LEVEL = 0;
				GCC_PREPROCESSOR_DEFINITIONS = (
					"DEBUG=1",
					"$(inherited)",
				);
				GCC_WARN_64_TO_32_BIT_CONVERSION = YES;
				GCC_WARN_ABOUT_RETURN_TYPE = YES_ERROR;
				GCC_WARN_UNDECLARED_SELECTOR = YES;
				GCC_WARN_UNINITIALIZED_AUTOS = YES_AGGRESSIVE;
				GCC_WARN_UNUSED_FUNCTION = YES;
				GCC_WARN_UNUSED_VARIABLE = YES;
				IPHONEOS_DEPLOYMENT_TARGET = 18.1;
				LOCALIZATION_PREFERS_STRING_CATALOGS = YES;
				MTL_ENABLE_DEBUG_INFO = INCLUDE_SOURCE;
				MTL_FAST_MATH = YES;
				ONLY_ACTIVE_ARCH = YES;
				SDKROOT = iphoneos;
				SWIFT_ACTIVE_COMPILATION_CONDITIONS = "DEBUG $(inherited)";
				SWIFT_OBJC_INTEROP_MODE = objcxx;
				SWIFT_OPTIMIZATION_LEVEL = "-Onone";
			};
			name = Debug;
		};
		BF7A7D2F2CFD2444008843D0 /* Release */ = {
			isa = XCBuildConfiguration;
			buildSettings = {
				ALWAYS_SEARCH_USER_PATHS = NO;
				ASSETCATALOG_COMPILER_GENERATE_SWIFT_ASSET_SYMBOL_EXTENSIONS = YES;
				CLANG_ANALYZER_NONNULL = YES;
				CLANG_ANALYZER_NUMBER_OBJECT_CONVERSION = YES_AGGRESSIVE;
				CLANG_CXX_LANGUAGE_STANDARD = "gnu++20";
				CLANG_ENABLE_MODULES = YES;
				CLANG_ENABLE_OBJC_ARC = YES;
				CLANG_ENABLE_OBJC_WEAK = YES;
				CLANG_WARN_BLOCK_CAPTURE_AUTORELEASING = YES;
				CLANG_WARN_BOOL_CONVERSION = YES;
				CLANG_WARN_COMMA = YES;
				CLANG_WARN_CONSTANT_CONVERSION = YES;
				CLANG_WARN_DEPRECATED_OBJC_IMPLEMENTATIONS = YES;
				CLANG_WARN_DIRECT_OBJC_ISA_USAGE = YES_ERROR;
				CLANG_WARN_DOCUMENTATION_COMMENTS = YES;
				CLANG_WARN_EMPTY_BODY = YES;
				CLANG_WARN_ENUM_CONVERSION = YES;
				CLANG_WARN_INFINITE_RECURSION = YES;
				CLANG_WARN_INT_CONVERSION = YES;
				CLANG_WARN_NON_LITERAL_NULL_CONVERSION = YES;
				CLANG_WARN_OBJC_IMPLICIT_RETAIN_SELF = YES;
				CLANG_WARN_OBJC_LITERAL_CONVERSION = YES;
				CLANG_WARN_OBJC_ROOT_CLASS = YES_ERROR;
				CLANG_WARN_QUOTED_INCLUDE_IN_FRAMEWORK_HEADER = YES;
				CLANG_WARN_RANGE_LOOP_ANALYSIS = YES;
				CLANG_WARN_STRICT_PROTOTYPES = YES;
				CLANG_WARN_SUSPICIOUS_MOVE = YES;
				CLANG_WARN_UNGUARDED_AVAILABILITY = YES_AGGRESSIVE;
				CLANG_WARN_UNREACHABLE_CODE = YES;
				CLANG_WARN__DUPLICATE_METHOD_MATCH = YES;
				COPY_PHASE_STRIP = NO;
				DEBUG_INFORMATION_FORMAT = "dwarf-with-dsym";
				ENABLE_NS_ASSERTIONS = NO;
				ENABLE_STRICT_OBJC_MSGSEND = YES;
				ENABLE_USER_SCRIPT_SANDBOXING = YES;
				GCC_C_LANGUAGE_STANDARD = gnu17;
				GCC_NO_COMMON_BLOCKS = YES;
				GCC_WARN_64_TO_32_BIT_CONVERSION = YES;
				GCC_WARN_ABOUT_RETURN_TYPE = YES_ERROR;
				GCC_WARN_UNDECLARED_SELECTOR = YES;
				GCC_WARN_UNINITIALIZED_AUTOS = YES_AGGRESSIVE;
				GCC_WARN_UNUSED_FUNCTION = YES;
				GCC_WARN_UNUSED_VARIABLE = YES;
				IPHONEOS_DEPLOYMENT_TARGET = 18.1;
				LOCALIZATION_PREFERS_STRING_CATALOGS = YES;
				MTL_ENABLE_DEBUG_INFO = NO;
				MTL_FAST_MATH = YES;
				SDKROOT = iphoneos;
				SWIFT_COMPILATION_MODE = wholemodule;
				SWIFT_OBJC_INTEROP_MODE = objcxx;
				VALIDATE_PRODUCT = YES;
			};
			name = Release;
		};
		BF7A7D312CFD2444008843D0 /* Debug */ = {
			isa = XCBuildConfiguration;
			buildSettings = {
				ASSETCATALOG_COMPILER_APPICON_NAME = AppIcon;
				ASSETCATALOG_COMPILER_GLOBAL_ACCENT_COLOR_NAME = AccentColor;
				CODE_SIGN_STYLE = Automatic;
				CURRENT_PROJECT_VERSION = 1;
				DEVELOPMENT_ASSET_PATHS = "\"MoodMosaic/Preview Content\"";
				DEVELOPMENT_TEAM = 35MYLQF8RC;
				ENABLE_PREVIEWS = YES;
				GENERATE_INFOPLIST_FILE = YES;
				INFOPLIST_FILE = MoodMosaic/Info.plist;
				INFOPLIST_KEY_UIApplicationSceneManifest_Generation = YES;
				INFOPLIST_KEY_UIApplicationSupportsIndirectInputEvents = YES;
				INFOPLIST_KEY_UILaunchScreen_Generation = YES;
				INFOPLIST_KEY_UISupportedInterfaceOrientations_iPad = "UIInterfaceOrientationPortrait UIInterfaceOrientationPortraitUpsideDown UIInterfaceOrientationLandscapeLeft UIInterfaceOrientationLandscapeRight";
				INFOPLIST_KEY_UISupportedInterfaceOrientations_iPhone = "UIInterfaceOrientationPortrait UIInterfaceOrientationLandscapeLeft UIInterfaceOrientationLandscapeRight";
				LD_RUNPATH_SEARCH_PATHS = (
					"$(inherited)",
					"@executable_path/Frameworks",
				);
				MARKETING_VERSION = 1.0;
				PRODUCT_BUNDLE_IDENTIFIER = me.Bhattacharjee.Riya.MoodMosaic;
				PRODUCT_NAME = "$(TARGET_NAME)";
				SWIFT_EMIT_LOC_STRINGS = YES;
				SWIFT_VERSION = 5.0;
				TARGETED_DEVICE_FAMILY = "1,2";
			};
			name = Debug;
		};
		BF7A7D322CFD2444008843D0 /* Release */ = {
			isa = XCBuildConfiguration;
			buildSettings = {
				ASSETCATALOG_COMPILER_APPICON_NAME = AppIcon;
				ASSETCATALOG_COMPILER_GLOBAL_ACCENT_COLOR_NAME = AccentColor;
				CODE_SIGN_STYLE = Automatic;
				CURRENT_PROJECT_VERSION = 1;
				DEVELOPMENT_ASSET_PATHS = "\"MoodMosaic/Preview Content\"";
				DEVELOPMENT_TEAM = 35MYLQF8RC;
				ENABLE_PREVIEWS = YES;
				GENERATE_INFOPLIST_FILE = YES;
				INFOPLIST_FILE = MoodMosaic/Info.plist;
				INFOPLIST_KEY_UIApplicationSceneManifest_Generation = YES;
				INFOPLIST_KEY_UIApplicationSupportsIndirectInputEvents = YES;
				INFOPLIST_KEY_UILaunchScreen_Generation = YES;
				INFOPLIST_KEY_UISupportedInterfaceOrientations_iPad = "UIInterfaceOrientationPortrait UIInterfaceOrientationPortraitUpsideDown UIInterfaceOrientationLandscapeLeft UIInterfaceOrientationLandscapeRight";
				INFOPLIST_KEY_UISupportedInterfaceOrientations_iPhone = "UIInterfaceOrientationPortrait UIInterfaceOrientationLandscapeLeft UIInterfaceOrientationLandscapeRight";
				LD_RUNPATH_SEARCH_PATHS = (
					"$(inherited)",
					"@executable_path/Frameworks",
				);
				MARKETING_VERSION = 1.0;
				PRODUCT_BUNDLE_IDENTIFIER = me.Bhattacharjee.Riya.MoodMosaic;
				PRODUCT_NAME = "$(TARGET_NAME)";
				SWIFT_EMIT_LOC_STRINGS = YES;
				SWIFT_VERSION = 5.0;
				TARGETED_DEVICE_FAMILY = "1,2";
			};
			name = Release;
		};
		BF7A7D342CFD2444008843D0 /* Debug */ = {
			isa = XCBuildConfiguration;
			buildSettings = {
				BUNDLE_LOADER = "$(TEST_HOST)";
				CODE_SIGN_STYLE = Automatic;
				CURRENT_PROJECT_VERSION = 1;
				GENERATE_INFOPLIST_FILE = YES;
				IPHONEOS_DEPLOYMENT_TARGET = 18.1;
				MARKETING_VERSION = 1.0;
				PRODUCT_BUNDLE_IDENTIFIER = me.Bhattacharjee.Riya.MoodMosaicTests;
				PRODUCT_NAME = "$(TARGET_NAME)";
				SWIFT_EMIT_LOC_STRINGS = NO;
				SWIFT_VERSION = 5.0;
				TARGETED_DEVICE_FAMILY = "1,2";
				TEST_HOST = "$(BUILT_PRODUCTS_DIR)/MoodMosaic.app/$(BUNDLE_EXECUTABLE_FOLDER_PATH)/MoodMosaic";
			};
			name = Debug;
		};
		BF7A7D352CFD2444008843D0 /* Release */ = {
			isa = XCBuildConfiguration;
			buildSettings = {
				BUNDLE_LOADER = "$(TEST_HOST)";
				CODE_SIGN_STYLE = Automatic;
				CURRENT_PROJECT_VERSION = 1;
				GENERATE_INFOPLIST_FILE = YES;
				IPHONEOS_DEPLOYMENT_TARGET = 18.1;
				MARKETING_VERSION = 1.0;
				PRODUCT_BUNDLE_IDENTIFIER = me.Bhattacharjee.Riya.MoodMosaicTests;
				PRODUCT_NAME = "$(TARGET_NAME)";
				SWIFT_EMIT_LOC_STRINGS = NO;
				SWIFT_VERSION = 5.0;
				TARGETED_DEVICE_FAMILY = "1,2";
				TEST_HOST = "$(BUILT_PRODUCTS_DIR)/MoodMosaic.app/$(BUNDLE_EXECUTABLE_FOLDER_PATH)/MoodMosaic";
			};
			name = Release;
		};
		BF7A7D372CFD2444008843D0 /* Debug */ = {
			isa = XCBuildConfiguration;
			buildSettings = {
				CODE_SIGN_STYLE = Automatic;
				CURRENT_PROJECT_VERSION = 1;
				GENERATE_INFOPLIST_FILE = YES;
				MARKETING_VERSION = 1.0;
				PRODUCT_BUNDLE_IDENTIFIER = me.Bhattacharjee.Riya.MoodMosaicUITests;
				PRODUCT_NAME = "$(TARGET_NAME)";
				SWIFT_EMIT_LOC_STRINGS = NO;
				SWIFT_VERSION = 5.0;
				TARGETED_DEVICE_FAMILY = "1,2";
				TEST_TARGET_NAME = MoodMosaic;
			};
			name = Debug;
		};
		BF7A7D382CFD2444008843D0 /* Release */ = {
			isa = XCBuildConfiguration;
			buildSettings = {
				CODE_SIGN_STYLE = Automatic;
				CURRENT_PROJECT_VERSION = 1;
				GENERATE_INFOPLIST_FILE = YES;
				MARKETING_VERSION = 1.0;
				PRODUCT_BUNDLE_IDENTIFIER = me.Bhattacharjee.Riya.MoodMosaicUITests;
				PRODUCT_NAME = "$(TARGET_NAME)";
				SWIFT_EMIT_LOC_STRINGS = NO;
				SWIFT_VERSION = 5.0;
				TARGETED_DEVICE_FAMILY = "1,2";
				TEST_TARGET_NAME = MoodMosaic;
			};
			name = Release;
		};
/* End XCBuildConfiguration section */

/* Begin XCConfigurationList section */
		BF7A7D072CFD2442008843D0 /* Build configuration list for PBXProject "MoodMosaic" */ = {
			isa = XCConfigurationList;
			buildConfigurations = (
				BF7A7D2E2CFD2444008843D0 /* Debug */,
				BF7A7D2F2CFD2444008843D0 /* Release */,
			);
			defaultConfigurationIsVisible = 0;
			defaultConfigurationName = Release;
		};
		BF7A7D302CFD2444008843D0 /* Build configuration list for PBXNativeTarget "MoodMosaic" */ = {
			isa = XCConfigurationList;
			buildConfigurations = (
				BF7A7D312CFD2444008843D0 /* Debug */,
				BF7A7D322CFD2444008843D0 /* Release */,
			);
			defaultConfigurationIsVisible = 0;
			defaultConfigurationName = Release;
		};
		BF7A7D332CFD2444008843D0 /* Build configuration list for PBXNativeTarget "MoodMosaicTests" */ = {
			isa = XCConfigurationList;
			buildConfigurations = (
				BF7A7D342CFD2444008843D0 /* Debug */,
				BF7A7D352CFD2444008843D0 /* Release */,
			);
			defaultConfigurationIsVisible = 0;
			defaultConfigurationName = Release;
		};
		BF7A7D362CFD2444008843D0 /* Build configuration list for PBXNativeTarget "MoodMosaicUITests" */ = {
			isa = XCConfigurationList;
			buildConfigurations = (
				BF7A7D372CFD2444008843D0 /* Debug */,
				BF7A7D382CFD2444008843D0 /* Release */,
			);
			defaultConfigurationIsVisible = 0;
			defaultConfigurationName = Release;
		};
/* End XCConfigurationList section */

/* Begin XCRemoteSwiftPackageReference section */
		BF8C3CEB2E359A0800E33DA0 /* XCRemoteSwiftPackageReference "ollama-swift" */ = {
			isa = XCRemoteSwiftPackageReference;
			repositoryURL = "https://github.com/mattt/ollama-swift.git";
			requirement = {
				kind = upToNextMajorVersion;
				minimumVersion = 1.8.0;
			};
		};
/* End XCRemoteSwiftPackageReference section */

/* Begin XCSwiftPackageProductDependency section */
		BF8C3CEC2E359A0800E33DA0 /* Ollama */ = {
			isa = XCSwiftPackageProductDependency;
			package = BF8C3CEB2E359A0800E33DA0 /* XCRemoteSwiftPackageReference "ollama-swift" */;
			productName = Ollama;
		};
/* End XCSwiftPackageProductDependency section */
	};
	rootObject = BF7A7D042CFD2442008843D0 /* Project object */;
}
